{
  "name": "@inspr/higgsfield-cli-tooling",
  "lockfileVersion": 3,
  "requires": true,
  "packages": {
    "": {
      "name": "@inspr/higgsfield-cli-tooling",
      "license": "UNLICENSED",
      "dependencies": {
        "@higgsfield/cli": "1.1.23"
      }
    },
    "node_modules/@higgsfield/cli": {
      "version": "1.1.23",
      "resolved": "https://registry.npmjs.org/@higgsfield/cli/-/cli-1.1.23.tgz",
      "integrity": "sha512-s4KkDXlxly7u0GSO9IAFwzyc0APdZe9C17qGvYzc36TJnYpJpJDHBeYis0x0aDavRw9URD7ZM92SjI3dHoyCLA==",
      "cpu": [
        "x64",
        "arm64"
      ],
      "hasInstallScript": true,
      "license": "MIT",
      "os": [
        "darwin",
        "linux",
        "win32"
      ],
      "bin": {
        "higgs": "bin/higgs.js",
        "higgsfield": "bin/higgsfield.js"
      },
      "engines": {
        "node": ">=14"
      }
    }
  }
}
